
Microsoft Visual Studio Solution File, Format Version 12.00
# Visual Studio 2013
VisualStudioVersion = 12.0.21005.1
MinimumVisualStudioVersion = 10.0.40219.1
Project("{FAE04EC0-301F-11D3-BF4B-00C04F79EFBC}") = "poo-paint", "poo-paint\poo-paint.csproj", "{F50E6435-EC11-4E69-AB24-C116237C3AA4}"
EndProject
Project("{FAE04EC0-301F-11D3-BF4B-00C04F79EFBC}") = "TesteRetangulo", "TesteRetangulo\TesteRetangulo.csproj", "{A1070710-A11D-4F54-A41C-5D19F4842D7B}"
EndProject
Global
	GlobalSection(SolutionConfigurationPlatforms) = preSolution
		Debug|Any CPU = Debug|Any CPU
		Release|Any CPU = Release|Any CPU
	EndGlobalSection
	GlobalSection(ProjectConfigurationPlatforms) = postSolution
		{F50E6435-EC11-4E69-AB24-C116237C3AA4}.Debug|Any CPU.ActiveCfg = Debug|Any CPU
		{F50E6435-EC11-4E69-AB24-C116237C3AA4}.Debug|Any CPU.Build.0 = Debug|Any CPU
		{F50E6435-EC11-4E69-AB24-C116237C3AA4}.Release|Any CPU.ActiveCfg = Release|Any CPU
		{F50E6435-EC11-4E69-AB24-C116237C3AA4}.Release|Any CPU.Build.0 = Release|Any CPU
		{A1070710-A11D-4F54-A41C-5D19F4842D7B}.Debug|Any CPU.ActiveCfg = Debug|Any CPU
		{A1070710-A11D-4F54-A41C-5D19F4842D7B}.Debug|Any CPU.Build.0 = Debug|Any CPU
		{A1070710-A11D-4F54-A41C-5D19F4842D7B}.Release|Any CPU.ActiveCfg = Release|Any CPU
		{A1070710-A11D-4F54-A41C-5D19F4842D7B}.Release|Any CPU.Build.0 = Release|Any CPU
	EndGlobalSection
	GlobalSection(SolutionProperties) = preSolution
		HideSolutionNode = FALSE
	EndGlobalSection
EndGlobal
